// !$*UTF8*$!
{
	archiveVersion = 1;
	classes = {
	};
	objectVersion = 46;
	objects = {

/* Begin PBXBuildFile section */
		9FEF652B1CD0F4ED00651E04 /* main.m in Sources */ = {isa = PBXBuildFile; fileRef = 9FEF652A1CD0F4ED00651E04 /* main.m */; };
		9FEF652E1CD0F4ED00651E04 /* AppDelegate.m in Sources */ = {isa = PBXBuildFile; fileRef = 9FEF652D1CD0F4ED00651E04 /* AppDelegate.m */; };
		9FEF65311CD0F4ED00651E04 /* ViewController.m in Sources */ = {isa = PBXBuildFile; fileRef = 9FEF65301CD0F4ED00651E04 /* ViewController.m */; };
		9FEF65341CD0F4ED00651E04 /* Main.storyboard in Resources */ = {isa = PBXBuildFile; fileRef = 9FEF65321CD0F4ED00651E04 /* Main.storyboard */; };
		9FEF65361CD0F4ED00651E04 /* Assets.xcassets in Resources */ = {isa = PBXBuildFile; fileRef = 9FEF65351CD0F4ED00651E04 /* Assets.xcassets */; };
		9FEF65391CD0F4ED00651E04 /* LaunchScreen.storyboard in Resources */ = {isa = PBXBuildFile; fileRef = 9FEF65371CD0F4ED00651E04 /* LaunchScreen.storyboard */; };
		9FEF65421CD1031600651E04 /* Landmark.m in Sources */ = {isa = PBXBuildFile; fileRef = 9FEF65411CD1031600651E04 /* Landmark.m */; };
/* End PBXBuildFile section */

/* Begin PBXFileReference section */
		9FEF65261CD0F4ED00651E04 /* WhereTo.app */ = {isa = PBXFileReference; explicitFileType = wrapper.application; includeInIndex = 0; path = WhereTo.app; sourceTree = BUILT_PRODUCTS_DIR; };
		9FEF652A1CD0F4ED00651E04 /* main.m */ = {isa = PBXFileReference; lastKnownFileType = sourcecode.c.objc; path = main.m; sourceTree = "<group>"; };
		9FEF652C1CD0F4ED00651E04 /* AppDelegate.h */ = {isa = PBXFileReference; lastKnownFileType = sourcecode.c.h; path = AppDelegate.h; sourceTree = "<group>"; };
		9FEF652D1CD0F4ED00651E04 /* AppDelegate.m */ = {isa = PBXFileReference; lastKnownFileType = sourcecode.c.objc; path = AppDelegate.m; sourceTree = "<group>"; };
		9FEF652F1CD0F4ED00651E04 /* ViewController.h */ = {isa = PBXFileReference; lastKnownFileType = sourcecode.c.h; path = ViewController.h; sourceTree = "<group>"; };
		9FEF65301CD0F4ED00651E04 /* ViewController.m */ = {isa = PBXFileReference; lastKnownFileType = sourcecode.c.objc; path = ViewController.m; sourceTree = "<group>"; };
		9FEF65331CD0F4ED00651E04 /* Base */ = {isa = PBXFileReference; lastKnownFileType = file.storyboard; name = Base; path = Base.lproj/Main.storyboard; sourceTree = "<group>"; };
		9FEF65351CD0F4ED00651E04 /* Assets.xcassets */ = {isa = PBXFileReference; lastKnownFileType = folder.assetcatalog; path = Assets.xcassets; sourceTree = "<group>"; };
		9FEF65381CD0F4ED00651E04 /* Base */ = {isa = PBXFileReference; lastKnownFileType = file.storyboard; name = Base; path = Base.lproj/LaunchScreen.storyboard; sourceTree = "<group>"; };
		9FEF653A1CD0F4ED00651E04 /* Info.plist */ = {isa = PBXFileReference; lastKnownFileType = text.plist.xml; path = Info.plist; sourceTree = "<group>"; };
		9FEF65401CD1031600651E04 /* Landmark.h */ = {isa = PBXFileReference; fileEncoding = 4; lastKnownFileType = sourcecode.c.h; path = Landmark.h; sourceTree = "<group>"; };
		9FEF65411CD1031600651E04 /* Landmark.m */ = {isa = PBXFileReference; fileEncoding = 4; lastKnownFileType = sourcecode.c.objc; path = Landmark.m; sourceTree = "<group>"; };
/* End PBXFileReference section */

/* Begin PBXFrameworksBuildPhase section */
		9FEF65231CD0F4ED00651E04 /* Frameworks */ = {
			isa = PBXFrameworksBuildPhase;
			buildActionMask = 2147483647;
			files = (
			);
			runOnlyForDeploymentPostprocessing = 0;
		};
/* End PBXFrameworksBuildPhase section */

/* Begin PBXGroup section */
		9FEF651D1CD0F4ED00651E04 = {
			isa = PBXGroup;
			children = (
				9FEF65281CD0F4ED00651E04 /* WhereTo */,
				9FEF65271CD0F4ED00651E04 /* Products */,
			);
			sourceTree = "<group>";
		};
		9FEF65271CD0F4ED00651E04 /* Products */ = {
			isa = PBXGroup;
			children = (
				9FEF65261CD0F4ED00651E04 /* WhereTo.app */,
			);
			name = Products;
			sourceTree = "<group>";
		};
		9FEF65281CD0F4ED00651E04 /* WhereTo */ = {
			isa = PBXGroup;
			children = (
				9FEF652C1CD0F4ED00651E04 /* AppDelegate.h */,
				9FEF652D1CD0F4ED00651E04 /* AppDelegate.m */,
				9FEF65401CD1031600651E04 /* Landmark.h */,
				9FEF65411CD1031600651E04 /* Landmark.m */,
				9FEF652F1CD0F4ED00651E04 /* ViewController.h */,
				9FEF65301CD0F4ED00651E04 /* ViewController.m */,
				9FEF65321CD0F4ED00651E04 /* Main.storyboard */,
				9FEF65351CD0F4ED00651E04 /* Assets.xcassets */,
				9FEF65371CD0F4ED00651E04 /* LaunchScreen.storyboard */,
				9FEF653A1CD0F4ED00651E04 /* Info.plist */,
				9FEF65291CD0F4ED00651E04 /* Supporting Files */,
			);
			path = WhereTo;
			sourceTree = "<group>";
		};
		9FEF65291CD0F4ED00651E04 /* Supporting Files */ = {
			isa = PBXGroup;
			children = (
				9FEF652A1CD0F4ED00651E04 /* main.m */,
			);
			name = "Supporting Files";
			sourceTree = "<group>";
		};
/* End PBXGroup section */

/* Begin PBXNativeTarget section */
		9FEF65251CD0F4ED00651E04 /* WhereTo */ = {
			isa = PBXNativeTarget;
			buildConfigurationList = 9FEF653D1CD0F4ED00651E04 /* Build configuration list for PBXNativeTarget "WhereTo" */;
			buildPhases = (
				9FEF65221CD0F4ED00651E04 /* Sources */,
				9FEF65231CD0F4ED00651E04 /* Frameworks */,
				9FEF65241CD0F4ED00651E04 /* Resources */,
			);
			buildRules = (
			);
			dependencies = (
			);
			name = WhereTo;
			productName = WhereTo;
			productReference = 9FEF65261CD0F4ED00651E04 /* WhereTo.app */;
			productType = "com.apple.product-type.application";
		};
/* End PBXNativeTarget section */

/* Begin PBXProject section */
		9FEF651E1CD0F4ED00651E04 /* Project object */ = {
			isa = PBXProject;
			attributes = {
				LastUpgradeCheck = 0730;
				ORGANIZATIONNAME = "Allen Spicer";
				TargetAttributes = {
					9FEF65251CD0F4ED00651E04 = {
						CreatedOnToolsVersion = 7.3;
						DevelopmentTeam = QS2H85Z9GF;
					};
				};
			};
			buildConfigurationList = 9FEF65211CD0F4ED00651E04 /* Build configuration list for PBXProject "WhereTo" */;
			compatibilityVersion = "Xcode 3.2";
			developmentRegion = English;
			hasScannedForEncodings = 0;
			knownRegions = (
				en,
				Base,
			);
			mainGroup = 9FEF651D1CD0F4ED00651E04;
			productRefGroup = 9FEF65271CD0F4ED00651E04 /* Products */;
			projectDirPath = "";
			projectRoot = "";
			targets = (
				9FEF65251CD0F4ED00651E04 /* WhereTo */,
			);
		};
/* End PBXProject section */

/* Begin PBXResourcesBuildPhase section */
		9FEF65241CD0F4ED00651E04 /* Resources */ = {
			isa = PBXResourcesBuildPhase;
			buildActionMask = 2147483647;
			files = (
				9FEF65391CD0F4ED00651E04 /* LaunchScreen.storyboard in Resources */,
				9FEF65361CD0F4ED00651E04 /* Assets.xcassets in Resources */,
				9FEF65341CD0F4ED00651E04 /* Main.storyboard in Resources */,
			);
			runOnlyForDeploymentPostprocessing = 0;
		};
/* End PBXResourcesBuildPhase section */

/* Begin PBXSourcesBuildPhase section */
		9FEF65221CD0F4ED00651E04 /* Sources */ = {
			isa = PBXSourcesBuildPhase;
			buildActionMask = 2147483647;
			files = (
				9FEF65311CD0F4ED00651E04 /* ViewController.m in Sources */,
				9FEF652E1CD0F4ED00651E04 /* AppDelegate.m in Sources */,
				9FEF652B1CD0F4ED00651E04 /* main.m in Sources */,
				9FEF65421CD1031600651E04 /* Landmark.m in Sources */,
			);
			runOnlyForDeploymentPostprocessing = 0;
		};
/* End PBXSourcesBuildPhase section */

/* Begin PBXVariantGroup section */
		9FEF65321CD0F4ED00651E04 /* Main.storyboard */ = {
			isa = PBXVariantGroup;
			children = (
				9FEF65331CD0F4ED00651E04 /* Base */,
			);
			name = Main.storyboard;
			sourceTree = "<group>";
		};
		9FEF65371CD0F4ED00651E04 /* LaunchScreen.storyboard */ = {
			isa = PBXVariantGroup;
			children = (
				9FEF65381CD0F4ED00651E04 /* Base */,
			);
			name = LaunchScreen.storyboard;
			sourceTree = "<group>";
		};
/* End PBXVariantGroup section */

/* Begin XCBuildConfiguration section */
		9FEF653B1CD0F4ED00651E04 /* Debug */ = {
			isa = XCBuildConfiguration;
			buildSettings = {
				ALWAYS_SEARCH_USER_PATHS = NO;
				CLANG_ANALYZER_NONNULL = YES;
				CLANG_CXX_LANGUAGE_STANDARD = "gnu++0x";
				CLANG_CXX_LIBRARY = "libc++";
				CLANG_ENABLE_MODULES = YES;
				CLANG_ENABLE_OBJC_ARC = YES;
				CLANG_WARN_BOOL_CONVERSION = YES;
				CLANG_WARN_CONSTANT_CONVERSION = YES;
				CLANG_WARN_DIRECT_OBJC_ISA_USAGE = YES_ERROR;
				CLANG_WARN_EMPTY_BODY = YES;
				CLANG_WARN_ENUM_CONVERSION = YES;
				CLANG_WARN_INT_CONVERSION = YES;
				CLANG_WARN_OBJC_ROOT_CLASS = YES_ERROR;
				CLANG_WARN_UNREACHABLE_CODE = YES;
				CLANG_WARN__DUPLICATE_METHOD_MATCH = YES;
				"CODE_SIGN_IDENTITY[sdk=iphoneos*]" = "iPhone Developer";
				COPY_PHASE_STRIP = NO;
				DEBUG_INFORMATION_FORMAT = dwarf;
				ENABLE_STRICT_OBJC_MSGSEND = YES;
				ENABLE_TESTABILITY = YES;
				GCC_C_LANGUAGE_STANDARD = gnu99;
				GCC_DYNAMIC_NO_PIC = NO;
				GCC_NO_COMMON_BLOCKS = YES;
				GCC_OPTIMIZATION_LEVEL = 0;
				GCC_PREPROCESSOR_DEFINITIONS = (
					"DEBUG=1",
					"$(inherited)",
				);
				GCC_WARN_64_TO_32_BIT_CONVERSION = YES;
				GCC_WARN_ABOUT_RETURN_TYPE = YES_ERROR;
				GCC_WARN_UNDECLARED_SELECTOR = YES;
				GCC_WARN_UNINITIALIZED_AUTOS = YES_AGGRESSIVE;
				GCC_WARN_UNUSED_FUNCTION = YES;
				GCC_WARN_UNUSED_VARIABLE = YES;
				IPHONEOS_DEPLOYMENT_TARGET = 9.3;
				MTL_ENABLE_DEBUG_INFO = YES;
				ONLY_ACTIVE_ARCH = YES;
				SDKROOT = iphoneos;
				TARGETED_DEVICE_FAMILY = "1,2";
			};
			name = Debug;
		};
		9FEF653C1CD0F4ED00651E04 /* Release */ = {
			isa = XCBuildConfiguration;
			buildSettings = {
				ALWAYS_SEARCH_USER_PATHS = NO;
				CLANG_ANALYZER_NONNULL = YES;
				CLANG_CXX_LANGUAGE_STANDARD = "gnu++0x";
				CLANG_CXX_LIBRARY = "libc++";
				CLANG_ENABLE_MODULES = YES;
				CLANG_ENABLE_OBJC_ARC = YES;
				CLANG_WARN_BOOL_CONVERSION = YES;
				CLANG_WARN_CONSTANT_CONVERSION = YES;
				CLANG_WARN_DIRECT_OBJC_ISA_USAGE = YES_ERROR;
				CLANG_WARN_EMPTY_BODY = YES;
				CLANG_WARN_ENUM_CONVERSION = YES;
				CLANG_WARN_INT_CONVERSION = YES;
				CLANG_WARN_OBJC_ROOT_CLASS = YES_ERROR;
				CLANG_WARN_UNREACHABLE_CODE = YES;
				CLANG_WARN__DUPLICATE_METHOD_MATCH = YES;
				"CODE_SIGN_IDENTITY[sdk=iphoneos*]" = "iPhone Developer";
				COPY_PHASE_STRIP = NO;
				DEBUG_INFORMATION_FORMAT = "dwarf-with-dsym";
				ENABLE_NS_ASSERTIONS = NO;
				ENABLE_STRICT_OBJC_MSGSEND = YES;
				GCC_C_LANGUAGE_STANDARD = gnu99;
				GCC_NO_COMMON_BLOCKS = YES;
				GCC_WARN_64_TO_32_BIT_CONVERSION = YES;
				GCC_WARN_ABOUT_RETURN_TYPE = YES_ERROR;
				GCC_WARN_UNDECLARED_SELECTOR = YES;
				GCC_WARN_UNINITIALIZED_AUTOS = YES_AGGRESSIVE;
				GCC_WARN_UNUSED_FUNCTION = YES;
				GCC_WARN_UNUSED_VARIABLE = YES;
				IPHONEOS_DEPLOYMENT_TARGET = 9.3;
				MTL_ENABLE_DEBUG_INFO = NO;
				SDKROOT = iphoneos;
				TARGETED_DEVICE_FAMILY = "1,2";
				VALIDATE_PRODUCT = YES;
			};
			name = Release;
		};
		9FEF653E1CD0F4ED00651E04 /* Debug */ = {
			isa = XCBuildConfiguration;
			buildSettings = {
				ASSETCATALOG_COMPILER_APPICON_NAME = AppIcon;
				INFOPLIST_FILE = WhereTo/Info.plist;
				LD_RUNPATH_SEARCH_PATHS = "$(inherited) @executable_path/Frameworks";
				PRODUCT_BUNDLE_IDENTIFIER = com.Trial.WhereTo;
				PRODUCT_NAME = "$(TARGET_NAME)";
			};
			name = Debug;
		};
		9FEF653F1CD0F4ED00651E04 /* Release */ = {
			isa = XCBuildConfiguration;
			buildSettings = {
				ASSETCATALOG_COMPILER_APPICON_NAME = AppIcon;
				INFOPLIST_FILE = WhereTo/Info.plist;
				LD_RUNPATH_SEARCH_PATHS = "$(inherited) @executable_path/Frameworks";
				PRODUCT_BUNDLE_IDENTIFIER = com.Trial.WhereTo;
				PRODUCT_NAME = "$(TARGET_NAME)";
			};
			name = Release;
		};
/* End XCBuildConfiguration section */

/* Begin XCConfigurationList section */
		9FEF65211CD0F4ED00651E04 /* Build configuration list for PBXProject "WhereTo" */ = {
			isa = XCConfigurationList;
			buildConfigurations = (
				9FEF653B1CD0F4ED00651E04 /* Debug */,
				9FEF653C1CD0F4ED00651E04 /* Release */,
			);
			defaultConfigurationIsVisible = 0;
			defaultConfigurationName = Release;
		};
		9FEF653D1CD0F4ED00651E04 /* Build configuration list for PBXNativeTarget "WhereTo" */ = {
			isa = XCConfigurationList;
			buildConfigurations = (
				9FEF653E1CD0F4ED00651E04 /* Debug */,
				9FEF653F1CD0F4ED00651E04 /* Release */,
			);
			defaultConfigurationIsVisible = 0;
			defaultConfigurationName = Release;
		};
/* End XCConfigurationList section */
	};
	rootObject = 9FEF651E1CD0F4ED00651E04 /* Project object */;
}
